
Microsoft Visual Studio Solution File, Format Version 12.00
# Visual Studio 2015
Project("{FAE04EC0-301F-11D3-BF4B-00C04F79EFBC}") = "LudumDare36.CSharp", "LudumDare36.CSharp.csproj", "{F8EC4C7C-731D-5C91-1A36-F55CC35EACC3}"
EndProject
Project("{FAE04EC0-301F-11D3-BF4B-00C04F79EFBC}") = "LudumDare36.CSharp.Editor", "LudumDare36.CSharp.Editor.csproj", "{DE938D96-8700-0CBD-6799-90713954B759}"
EndProject
Global
	GlobalSection(SolutionConfigurationPlatforms) = preSolution
		Debug|Any CPU = Debug|Any CPU
		Release|Any CPU = Release|Any CPU
	EndGlobalSection
	GlobalSection(ProjectConfigurationPlatforms) = postSolution
		{F8EC4C7C-731D-5C91-1A36-F55CC35EACC3}.Debug|Any CPU.ActiveCfg = Debug|Any CPU
		{F8EC4C7C-731D-5C91-1A36-F55CC35EACC3}.Debug|Any CPU.Build.0 = Debug|Any CPU
		{F8EC4C7C-731D-5C91-1A36-F55CC35EACC3}.Release|Any CPU.ActiveCfg = Release|Any CPU
		{F8EC4C7C-731D-5C91-1A36-F55CC35EACC3}.Release|Any CPU.Build.0 = Release|Any CPU
		{DE938D96-8700-0CBD-6799-90713954B759}.Debug|Any CPU.ActiveCfg = Debug|Any CPU
		{DE938D96-8700-0CBD-6799-90713954B759}.Debug|Any CPU.Build.0 = Debug|Any CPU
		{DE938D96-8700-0CBD-6799-90713954B759}.Release|Any CPU.ActiveCfg = Release|Any CPU
		{DE938D96-8700-0CBD-6799-90713954B759}.Release|Any CPU.Build.0 = Release|Any CPU
	EndGlobalSection
	GlobalSection(SolutionProperties) = preSolution
		HideSolutionNode = FALSE
	EndGlobalSection
EndGlobal
